
Microsoft Visual Studio Solution File, Format Version 12.00
# Visual Studio Version 17
VisualStudioVersion = 17.13.35931.197 d17.13
MinimumVisualStudioVersion = 10.0.40219.1
Project("{FAE04EC0-301F-11D3-BF4B-00C04F79EFBC}") = "santa-ramona-BackOffice", "santa-ramona-BackOffice.csproj", "{4C3AFB43-DE05-45DF-A73C-BE2A0212FF5C}"
EndProject
Global
	GlobalSection(SolutionConfigurationPlatforms) = preSolution
		Debug|Any CPU = Debug|Any CPU
		Release|Any CPU = Release|Any CPU
	EndGlobalSection
	GlobalSection(ProjectConfigurationPlatforms) = postSolution
		{4C3AFB43-DE05-45DF-A73C-BE2A0212FF5C}.Debug|Any CPU.ActiveCfg = Debug|Any CPU
		{4C3AFB43-DE05-45DF-A73C-BE2A0212FF5C}.Debug|Any CPU.Build.0 = Debug|Any CPU
		{4C3AFB43-DE05-45DF-A73C-BE2A0212FF5C}.Release|Any CPU.ActiveCfg = Release|Any CPU
		{4C3AFB43-DE05-45DF-A73C-BE2A0212FF5C}.Release|Any CPU.Build.0 = Release|Any CPU
	EndGlobalSection
	GlobalSection(SolutionProperties) = preSolution
		HideSolutionNode = FALSE
	EndGlobalSection
	GlobalSection(ExtensibilityGlobals) = postSolution
		SolutionGuid = {76A47A2A-7300-4318-8CE5-072A71698DC5}
	EndGlobalSection
EndGlobal
